[[package]]
category = "main"
description = "Composable command line interface toolkit"
name = "click"
optional = false
platform = "*"
python-versions = ">=2.7, !=3.0.*, !=3.1.*, !=3.2.*, !=3.3.*"
version = "7.0"

[[package]]
category = "main"
description = "A simple framework for building complex web applications."
name = "flask"
optional = false
platform = "any"
python-versions = "*"
version = "1.0.2"

[package.dependencies]
Jinja2 = ">=2.10"
Werkzeug = ">=0.14"
click = ">=5.1"
itsdangerous = ">=0.24"

[[package]]
category = "main"
description = "WSGI HTTP Server for UNIX"
name = "gunicorn"
optional = false
platform = "*"
python-versions = ">=2.6, !=3.0.*, !=3.1.*"
version = "19.9.0"

[[package]]
category = "main"
description = "Various helpers to pass data to untrusted environments and back."
name = "itsdangerous"
optional = false
platform = "*"
python-versions = ">=2.7, !=3.0.*, !=3.1.*, !=3.2.*, !=3.3.*"
version = "1.1.0"

[[package]]
category = "main"
description = "A small but fast and easy to use stand-alone template engine written in pure python."
name = "jinja2"
optional = false
platform = "*"
python-versions = "*"
version = "2.10"

[package.dependencies]
MarkupSafe = ">=0.23"

[[package]]
category = "main"
description = "Powerful and Pythonic XML processing library combining libxml2/libxslt with the ElementTree API."
name = "lxml"
optional = false
platform = "*"
python-versions = "*"
version = "4.2.5"

[[package]]
category = "main"
description = "Safely add untrusted strings to HTML/XML markup."
name = "markupsafe"
optional = false
platform = "*"
python-versions = ">=2.7,!=3.0.*,!=3.1.*,!=3.2.*,!=3.3.*"
version = "1.1.0"

[[package]]
category = "main"
description = "Python Imaging Library (Fork)"
name = "pillow"
optional = false
platform = "*"
python-versions = ">=2.7, !=3.0.*, !=3.1.*, !=3.2.*, !=3.3.*"
version = "5.3.0"

[[package]]
category = "main"
description = "Generate and manipulate Open XML PowerPoint (.pptx) files"
name = "python-pptx"
optional = false
platform = "*"
python-versions = "*"
version = "0.6.15"

[package.dependencies]
Pillow = ">=3.3.2"
XlsxWriter = ">=0.5.7"
lxml = ">=3.1.0"

[[package]]
category = "main"
description = "The comprehensive WSGI web application library."
name = "werkzeug"
optional = false
platform = "any"
python-versions = "*"
version = "0.14.1"

[[package]]
category = "main"
description = "A Python module for creating Excel XLSX files."
name = "xlsxwriter"
optional = false
platform = "*"
python-versions = "*"
version = "1.1.2"

[metadata]
content-hash = "44e2580c6604b81d8c1cfe5a0e339dc0c64690e599c76c7d8fbd253501df1e9d"
platform = "*"
python-versions = "*"

[metadata.hashes]
click = ["2335065e6395b9e67ca716de5f7526736bfa6ceead690adf616d925bdc622b13", "5b94b49521f6456670fdb30cd82a4eca9412788a93fa6dd6df72c94d5a8ff2d7"]
flask = ["2271c0070dbcb5275fad4a82e29f23ab92682dc45f9dfbc22c02ba9b9322ce48", "a080b744b7e345ccfcbc77954861cb05b3c63786e93f2b3875e0913d44b43f05"]
gunicorn = ["aa8e0b40b4157b36a5df5e599f45c9c76d6af43845ba3b3b0efe2c70473c2471", "fa2662097c66f920f53f70621c6c58ca4a3c4d3434205e608e121b5b3b71f4f3"]
itsdangerous = ["321b033d07f2a4136d3ec762eac9f16a10ccd60f53c0c91af90217ace7ba1f19", "b12271b2047cb23eeb98c8b5622e2e5c5e9abd9784a153e9d8ef9cb4dd09d749"]
jinja2 = ["74c935a1b8bb9a3947c50a54766a969d4846290e1e788ea44c1392163723c3bd", "f84be1bb0040caca4cea721fcbbbbd61f9be9464ca236387158b0feea01914a4"]
lxml = ["02bc220d61f46e9b9d5a53c361ef95e9f5e1d27171cd461dddb17677ae2289a5", "22f253b542a342755f6cfc047fe4d3a296515cf9b542bc6e261af45a80b8caf6", "2f31145c7ff665b330919bfa44aacd3a0211a76ca7e7b441039d2a0b0451e415", "36720698c29e7a9626a0dc802ef8885f8f0239bfd1689628ecd459a061f2807f", "438a1b0203545521f6616132bfe0f4bca86f8a401364008b30e2b26ec408ce85", "4815892904c336bbaf73dafd54f45f69f4021c22b5bad7332176bbf4fb830568", "5be031b0f15ad63910d8e5038b489d95a79929513b3634ad4babf77100602588", "5c93ae37c3c588e829b037fdfbd64a6e40c901d3f93f7beed6d724c44829a3ad", "60842230678674cdac4a1cf0f707ef12d75b9a4fc4a565add4f710b5fcf185d5", "62939a8bb6758d1bf923aa1c13f0bcfa9bf5b2fc0f5fa917a6e25db5fe0cfa4e", "75830c06a62fe7b8fe3bbb5f269f0b308f19f3949ac81cfd40062f47c1455faf", "81992565b74332c7c1aff6a913a3e906771aa81c9d0c68c68113cffcae45bc53", "8c892fb0ee52c594d9a7751c7d7356056a9682674b92cc1c4dc968ff0f30c52f", "9d862e3cf4fc1f2837dedce9c42269c8c76d027e49820a548ac89fdcee1e361f", "a623965c086a6e91bb703d4da62dabe59fe88888e82c4117d544e11fd74835d6", "a7783ab7f6a508b0510490cef9f857b763d796ba7476d9703f89722928d1e113", "aab09fbe8abfa3b9ce62aaf45aca2d28726b1b9ee44871dbe644050a2fff4940", "abf181934ac3ef193832fb973fd7f6149b5c531903c2ec0f1220941d73eee601", "ae07fa0c115733fce1e9da96a3ac3fa24801742ca17e917e0c79d63a01eeb843", "b9c78242219f674ab645ec571c9a95d70f381319a23911941cd2358a8e0521cf", "bccb267678b870d9782c3b44d0cefe3ba0e329f9af8c946d32bf3778e7a4f271", "c4df4d27f4c93b2cef74579f00b1d3a31a929c7d8023f870c4b476f03a274db4", "caf0e50b546bb60dfa99bb18dfa6748458a83131ecdceaf5c071d74907e7e78a", "d3266bd3ac59ac4edcd5fa75165dee80b94a3e5c91049df5f7c057ccf097551c", "db0d213987bcd4e6d41710fb4532b22315b0d8fb439ff901782234456556aed1", "dbbd5cf7690a40a9f0a9325ab480d0fccf46d16b378eefc08e195d84299bfae1", "e16e07a0ec3a75b5ee61f2b1003c35696738f937dc8148fbda9fe2147ccb6e61", "e175a006725c7faadbe69e791877d09936c0ef2cf49d01b60a6c1efcb0e8be6f", "edd9c13a97f6550f9da2236126bb51c092b3b1ce6187f2bd966533ad794bbb5e", "fa39ea60d527fbdd94215b5e5552f1c6a912624521093f1384a491a8ad89ad8b"]
markupsafe = ["048ef924c1623740e70204aa7143ec592504045ae4429b59c30054cb31e3c432", "130f844e7f5bdd8e9f3f42e7102ef1d49b2e6fdf0d7526df3f87281a532d8c8b", "19f637c2ac5ae9da8bfd98cef74d64b7e1bb8a63038a3505cd182c3fac5eb4d9", "1b8a7a87ad1b92bd887568ce54b23565f3fd7018c4180136e1cf412b405a47af", "1c25694ca680b6919de53a4bb3bdd0602beafc63ff001fea2f2fc16ec3a11834", "1f19ef5d3908110e1e891deefb5586aae1b49a7440db952454b4e281b41620cd", "1fa6058938190ebe8290e5cae6c351e14e7bb44505c4a7624555ce57fbbeba0d", "31cbb1359e8c25f9f48e156e59e2eaad51cd5242c05ed18a8de6dbe85184e4b7", "3e835d8841ae7863f64e40e19477f7eb398674da6a47f09871673742531e6f4b", "4e97332c9ce444b0c2c38dd22ddc61c743eb208d916e4265a2a3b575bdccb1d3", "525396ee324ee2da82919f2ee9c9e73b012f23e7640131dd1b53a90206a0f09c", "52b07fbc32032c21ad4ab060fec137b76eb804c4b9a1c7c7dc562549306afad2", "52ccb45e77a1085ec5461cde794e1aa037df79f473cbc69b974e73940655c8d7", "5c3fbebd7de20ce93103cb3183b47671f2885307df4a17a0ad56a1dd51273d36", "5e5851969aea17660e55f6a3be00037a25b96a9b44d2083651812c99d53b14d1", "5edfa27b2d3eefa2210fb2f5d539fbed81722b49f083b2c6566455eb7422fd7e", "7d263e5770efddf465a9e31b78362d84d015cc894ca2c131901a4445eaa61ee1", "83381342bfc22b3c8c06f2dd93a505413888694302de25add756254beee8449c", "857eebb2c1dc60e4219ec8e98dfa19553dae33608237e107db9c6078b1167856", "98e439297f78fca3a6169fd330fbe88d78b3bb72f967ad9961bcac0d7fdd1550", "bf54103892a83c64db58125b3f2a43df6d2cb2d28889f14c78519394feb41492", "d9ac82be533394d341b41d78aca7ed0e0f4ba5a2231602e2f05aa87f25c51672", "e982fe07ede9fada6ff6705af70514a52beb1b2c3d25d4e873e82114cf3c5401", "edce2ea7f3dfc981c4ddc97add8a61381d9642dc3273737e756517cc03e84dd6", "efdc45ef1afc238db84cb4963aa689c0408912a0239b0721cb172b4016eb31d6", "f137c02498f8b935892d5c0172560d7ab54bc45039de8805075e19079c639a9c", "f82e347a72f955b7017a39708a3667f106e6ad4d10b25f237396a7115d8ed5fd", "fb7c206e01ad85ce57feeaaa0bf784b97fa3cad0d4a5737bc5295785f5c613a1"]
pillow = ["00203f406818c3f45d47bb8fe7e67d3feddb8dcbbd45a289a1de7dd789226360", "0616f800f348664e694dddb0b0c88d26761dd5e9f34e1ed7b7a7d2da14b40cb7", "091136f2a37e9ed6bd8ce96fbf5269199ba6edee490d64de7ac934316f31ecca", "0d67ae9a5937b1348fa1d97c7dcb6b56aaef828ca6655298e96f2f3114ad829d", "0e1aaddd00ee9014fe7a61b9da61427233fcd7c7f193b5efd6689e0ec36bc42f", "1f7908aab90c92ad85af9d2fec5fc79456a89b3adcc26314d2cde0e238bd789e", "2ea3517cd5779843de8a759c2349a3cd8d3893e03ab47053b66d5ec6f8bc4f93", "39b662f65a067709a62943003c1e807d140e7fcf631fcfc66ebe905f8149b9f4", "3ddc19447cf42ef3ec564ab7ebbd4f67838ba9816d739befe29dd70149c775bd", "48a9f0538c91fc136b3a576bee0e7cd174773dc9920b310c21dcb5519722e82c", "5280ebc42641a1283b7b1f2c20e5b936692198b9dd9995527c18b794850be1a8", "576a8a7a57065dab968d9d18befa2594a7673dcdab78c9b1f34248410cc6118f", "5e334a23c8f7cb6079987a2ed9978821a42b4323a3a3bdbc132945348737f9a9", "5e34e4b5764af65551647f5cc67cf5198c1d05621781d5173b342e5e55bf023b", "63b120421ab85cad909792583f83b6ca3584610c2fe70751e23f606a3c2e87f0", "696b5e0109fe368d0057f484e2e91717b49a03f1e310f857f133a4acec9f91dd", "6cb528de694f503ea164541c151da6c18267727a7558e0c9716cc0383d89658a", "7306d851d5a0cfac9ea07f1177783836f4b37292e5f224a534a52111cb6a6451", "7e3e32346d991f1788026917d0a9c182d6d32dc757163eee7ca990f1f831499e", "870ed021a42b1b02b5fe4a739ea735f671a84128c0a666c705db2cb9abd528eb", "916da1c19e4012d06a372127d7140dae894806fad67ef44330e5600d77833581", "9303a289fa0811e1c6abd9ddebfc770556d7c3311cb2b32eff72164ddc49bc64", "9577888ecc0ad7d06c3746afaba339c94d62b59da16f7a5d1cff9e491f23dace", "987e1c94a33c93d9b209315bfda9faa54b8edfce6438a1e93ae866ba20de5956", "99a3bbdbb844f4fb5d6dd59fac836a40749781c1fa63c563bc216c27aef63f60", "99db8dc3097ceafbcff9cb2bff384b974795edeb11d167d391a02c7bfeeb6e16", "a379526415f54f9462bc65a4da76fb0acc05e3b2a21717dde79621cf4377e0e6", "a5a96cf49eb580756a44ecf12949e52f211e20bffbf5a95760ac14b1e499cd37", "a844b5d8120f99fb7cd276ff544ac5bd562b0c053760d59694e6bf747c6ca7f5", "a9284368e81a67a7f47d5ef1ef7e4f11a4f688485879f44cf5f9090bba1f9d94", "aa6ca3eb56704cdc0d876fc6047ffd5ee960caad52452fbee0f99908a141a0ae", "aade5e66795c94e4a2b2624affeea8979648d1b0ae3fcee17e74e2c647fc4a8a", "b78905860336c1d292409e3df6ad39cc1f1c7f0964e66844bbc2ebfca434d073", "b92f521cdc4e4a3041cc343625b699f20b0b5f976793fb45681aac1efda565f8", "bb2baf44e97811687893873eab8cf9f18b40321cc15d15ff9f91dc031e30631f", "bfde84bbd6ae5f782206d454b67b7ee8f7f818c29b99fd02bf022fd33bab14cb", "c2b62d3df80e694c0e4a0ed47754c9480521e25642251b3ab1dff050a4e60409", "c55d348c1c65896c1bd804527de4880d251ae832acf90d74ad525bb79e77d55c", "c5e2be6c263b64f6f7656e23e18a4a9980cffc671442795682e8c4e4f815dd9f", "c99aa3c63104e0818ec566f8ff3942fb7c7a8f35f9912cb63fd8e12318b214b2", "dae06620d3978da346375ebf88b9e2dd7d151335ba668c995aea9ed07af7add4", "db5499d0710823fa4fb88206050d46544e8f0e0136a9a5f5570b026584c8fd74", "dcd3cd17d291e01e47636101c4a6638ffb44c842d009973e3b5c1b67ff718c58", "f12df6b45abc18f27f6e21ce26f7cbf7aa19820911462e46536e22085658ca1e", "f36baafd82119c4a114b9518202f2a983819101dcc14b26e43fc12cbefdce00e", "f52b79c8796d81391ab295b04e520bda6feed54d54931708872e8f9ae9db0ea1", "fa2a50f762d06d84125db0b95d0121e9c640afa7edc23fc0848896760a390f8e", "fa49bb60792b542b95ca93a39041e7113843093ce3cfd216870118eb3798fcc9", "ff8cff01582fa1a7e533cb97f628531c4014af4b5f38e33cdcfe5eec29b6d888", "ffbccfe1c077b5f41738bd719518213c217be7a7a12a7e74113d05a0d6617390"]
python-pptx = ["d67f7e1dfa1f79b3a44b32c0e6d4a2fcdf58f6003a3b0035c70cf567719a6f4d"]
werkzeug = ["c3fd7a7d41976d9f44db327260e263132466836cef6f91512889ed60ad26557c", "d5da73735293558eb1651ee2fddc4d0dedcfa06538b8813a2e20011583c9e49b"]
xlsxwriter = ["7cc07619760641b67112dbe0df938399d4d915d9b9924bb58eb5c17384d29cc6", "ae22658a0fc5b9e875fa97c213d1ffd617d86dc49bf08be99ebdac814db7bf36"]
